
Microsoft Visual Studio Solution File, Format Version 12.00
# Visual Studio 15
VisualStudioVersion = 15.0.28307.539
MinimumVisualStudioVersion = 10.0.40219.1
Project("{FAE04EC0-301F-11D3-BF4B-00C04F79EFBC}") = "SimpleDataApp", "SimpleDataApp\SimpleDataApp.csproj", "{300B4D2F-F92D-4924-8102-68C94A1AFA53}"
EndProject
Global
	GlobalSection(SolutionConfigurationPlatforms) = preSolution
		Debug|Any CPU = Debug|Any CPU
		Release|Any CPU = Release|Any CPU
	EndGlobalSection
	GlobalSection(ProjectConfigurationPlatforms) = postSolution
		{300B4D2F-F92D-4924-8102-68C94A1AFA53}.Debug|Any CPU.ActiveCfg = Debug|Any CPU
		{300B4D2F-F92D-4924-8102-68C94A1AFA53}.Debug|Any CPU.Build.0 = Debug|Any CPU
		{300B4D2F-F92D-4924-8102-68C94A1AFA53}.Release|Any CPU.ActiveCfg = Release|Any CPU
		{300B4D2F-F92D-4924-8102-68C94A1AFA53}.Release|Any CPU.Build.0 = Release|Any CPU
	EndGlobalSection
	GlobalSection(SolutionProperties) = preSolution
		HideSolutionNode = FALSE
	EndGlobalSection
	GlobalSection(ExtensibilityGlobals) = postSolution
		SolutionGuid = {8F46CDC5-71D5-4523-A4EE-F39B339AB1DF}
	EndGlobalSection
EndGlobal
