
Microsoft Visual Studio Solution File, Format Version 12.00
# Visual Studio 15
VisualStudioVersion = 15.0.28307.539
MinimumVisualStudioVersion = 10.0.40219.1
Project("{FAE04EC0-301F-11D3-BF4B-00C04F79EFBC}") = "Books.Web", "Books.Web\Books.Web.csproj", "{3442D28F-1343-40FD-9DC5-282F4140F2E1}"
EndProject
Project("{FAE04EC0-301F-11D3-BF4B-00C04F79EFBC}") = "Books.Entities", "Books.Entities\Books.Entities.csproj", "{14885444-286F-4C5A-8D11-0272B94202AE}"
EndProject
Global
	GlobalSection(SolutionConfigurationPlatforms) = preSolution
		Debug|Any CPU = Debug|Any CPU
		Release|Any CPU = Release|Any CPU
	EndGlobalSection
	GlobalSection(ProjectConfigurationPlatforms) = postSolution
		{3442D28F-1343-40FD-9DC5-282F4140F2E1}.Debug|Any CPU.ActiveCfg = Debug|Any CPU
		{3442D28F-1343-40FD-9DC5-282F4140F2E1}.Debug|Any CPU.Build.0 = Debug|Any CPU
		{3442D28F-1343-40FD-9DC5-282F4140F2E1}.Release|Any CPU.ActiveCfg = Release|Any CPU
		{3442D28F-1343-40FD-9DC5-282F4140F2E1}.Release|Any CPU.Build.0 = Release|Any CPU
		{14885444-286F-4C5A-8D11-0272B94202AE}.Debug|Any CPU.ActiveCfg = Debug|Any CPU
		{14885444-286F-4C5A-8D11-0272B94202AE}.Debug|Any CPU.Build.0 = Debug|Any CPU
		{14885444-286F-4C5A-8D11-0272B94202AE}.Release|Any CPU.ActiveCfg = Release|Any CPU
		{14885444-286F-4C5A-8D11-0272B94202AE}.Release|Any CPU.Build.0 = Release|Any CPU
	EndGlobalSection
	GlobalSection(SolutionProperties) = preSolution
		HideSolutionNode = FALSE
	EndGlobalSection
	GlobalSection(ExtensibilityGlobals) = postSolution
		SolutionGuid = {AFDD872C-543A-4902-81FC-06987EF33B25}
	EndGlobalSection
EndGlobal
