
Microsoft Visual Studio Solution File, Format Version 12.00
# Visual Studio 15
VisualStudioVersion = 15.0.28307.539
MinimumVisualStudioVersion = 10.0.40219.1
Project("{FAE04EC0-301F-11D3-BF4B-00C04F79EFBC}") = "APIAppDemo", "APIAppDemo\APIAppDemo.csproj", "{AB855EB5-E4AC-48D1-957E-CED5A21A2923}"
EndProject
Global
	GlobalSection(SolutionConfigurationPlatforms) = preSolution
		Debug|Any CPU = Debug|Any CPU
		Release|Any CPU = Release|Any CPU
	EndGlobalSection
	GlobalSection(ProjectConfigurationPlatforms) = postSolution
		{AB855EB5-E4AC-48D1-957E-CED5A21A2923}.Debug|Any CPU.ActiveCfg = Debug|Any CPU
		{AB855EB5-E4AC-48D1-957E-CED5A21A2923}.Debug|Any CPU.Build.0 = Debug|Any CPU
		{AB855EB5-E4AC-48D1-957E-CED5A21A2923}.Release|Any CPU.ActiveCfg = Release|Any CPU
		{AB855EB5-E4AC-48D1-957E-CED5A21A2923}.Release|Any CPU.Build.0 = Release|Any CPU
	EndGlobalSection
	GlobalSection(SolutionProperties) = preSolution
		HideSolutionNode = FALSE
	EndGlobalSection
	GlobalSection(ExtensibilityGlobals) = postSolution
		SolutionGuid = {16368D12-41E3-4B9D-AC0E-14F35E641027}
	EndGlobalSection
EndGlobal
